
Microsoft Visual Studio Solution File, Format Version 12.00
# Visual Studio Version 17
VisualStudioVersion = 17.14.36202.13 d17.14
MinimumVisualStudioVersion = 10.0.40219.1
Project("{FAE04EC0-301F-11D3-BF4B-00C04F79EFBC}") = "DataMiningSocialApp", "DataMiningSocialApp\DataMiningSocialApp.csproj", "{81B391CF-4D3C-460F-AB0F-18A127775F11}"
EndProject
Global
	GlobalSection(SolutionConfigurationPlatforms) = preSolution
		Debug|Any CPU = Debug|Any CPU
		Release|Any CPU = Release|Any CPU
	EndGlobalSection
	GlobalSection(ProjectConfigurationPlatforms) = postSolution
		{81B391CF-4D3C-460F-AB0F-18A127775F11}.Debug|Any CPU.ActiveCfg = Debug|Any CPU
		{81B391CF-4D3C-460F-AB0F-18A127775F11}.Debug|Any CPU.Build.0 = Debug|Any CPU
		{81B391CF-4D3C-460F-AB0F-18A127775F11}.Release|Any CPU.ActiveCfg = Release|Any CPU
		{81B391CF-4D3C-460F-AB0F-18A127775F11}.Release|Any CPU.Build.0 = Release|Any CPU
	EndGlobalSection
	GlobalSection(SolutionProperties) = preSolution
		HideSolutionNode = FALSE
	EndGlobalSection
	GlobalSection(ExtensibilityGlobals) = postSolution
		SolutionGuid = {6C39FC16-96F3-4412-904A-40ECA9648D2C}
	EndGlobalSection
EndGlobal
